// !$*UTF8*$!
{
	archiveVersion = 1;
	classes = {
	};
	objectVersion = 46;
	objects = {

/* Begin PBXBuildFile section */
		AC9BA00319B079200078B3CD /* libPayPalMobile.a in Frameworks */ = {isa = PBXBuildFile; fileRef = AC9B9FFB19B079200078B3CD /* libPayPalMobile.a */; };
		AC9BA00519B07A1C0078B3CD /* CoreLocation.framework in Frameworks */ = {isa = PBXBuildFile; fileRef = AC9BA00419B07A1C0078B3CD /* CoreLocation.framework */; };
		AC9BA00719B07A220078B3CD /* AVFoundation.framework in Frameworks */ = {isa = PBXBuildFile; fileRef = AC9BA00619B07A220078B3CD /* AVFoundation.framework */; };
		AC9BA00919B07A2E0078B3CD /* MessageUI.framework in Frameworks */ = {isa = PBXBuildFile; fileRef = AC9BA00819B07A2E0078B3CD /* MessageUI.framework */; };
		AC9BA00B19B07A370078B3CD /* SystemConfiguration.framework in Frameworks */ = {isa = PBXBuildFile; fileRef = AC9BA00A19B07A370078B3CD /* SystemConfiguration.framework */; };
		AC9BA00E19B07FF40078B3CD /* PPViewController.m in Sources */ = {isa = PBXBuildFile; fileRef = AC9BA00D19B07FF40078B3CD /* PPViewController.m */; };
		AC9BA01119B0846D0078B3CD /* cross5.png in Resources */ = {isa = PBXBuildFile; fileRef = AC9BA01019B0846D0078B3CD /* cross5.png */; };
		AC9BA01319B0851B0078B3CD /* paypal.png in Resources */ = {isa = PBXBuildFile; fileRef = AC9BA01219B0851B0078B3CD /* paypal.png */; };
		AC9E125519B5D4A900F8778D /* Confirmation.m in Sources */ = {isa = PBXBuildFile; fileRef = AC9E125419B5D4A900F8778D /* Confirmation.m */; };
		ACBC272619ADC9AD00A07990 /* Order.m in Sources */ = {isa = PBXBuildFile; fileRef = ACBC272519ADC9AD00A07990 /* Order.m */; };
		ACD0BDCB19A8CE69003CC577 /* Foundation.framework in Frameworks */ = {isa = PBXBuildFile; fileRef = ACD0BDCA19A8CE69003CC577 /* Foundation.framework */; };
		ACD0BDCD19A8CE69003CC577 /* CoreGraphics.framework in Frameworks */ = {isa = PBXBuildFile; fileRef = ACD0BDCC19A8CE69003CC577 /* CoreGraphics.framework */; };
		ACD0BDCF19A8CE69003CC577 /* UIKit.framework in Frameworks */ = {isa = PBXBuildFile; fileRef = ACD0BDCE19A8CE69003CC577 /* UIKit.framework */; };
		ACD0BDD519A8CE69003CC577 /* InfoPlist.strings in Resources */ = {isa = PBXBuildFile; fileRef = ACD0BDD319A8CE69003CC577 /* InfoPlist.strings */; };
		ACD0BDD719A8CE69003CC577 /* main.m in Sources */ = {isa = PBXBuildFile; fileRef = ACD0BDD619A8CE69003CC577 /* main.m */; };
		ACD0BDDB19A8CE69003CC577 /* AppDelegate.m in Sources */ = {isa = PBXBuildFile; fileRef = ACD0BDDA19A8CE69003CC577 /* AppDelegate.m */; };
		ACD0BDDE19A8CE69003CC577 /* Main.storyboard in Resources */ = {isa = PBXBuildFile; fileRef = ACD0BDDC19A8CE69003CC577 /* Main.storyboard */; };
		ACD0BDE319A8CE69003CC577 /* Images.xcassets in Resources */ = {isa = PBXBuildFile; fileRef = ACD0BDE219A8CE69003CC577 /* Images.xcassets */; };
		ACD0BDEA19A8CE69003CC577 /* XCTest.framework in Frameworks */ = {isa = PBXBuildFile; fileRef = ACD0BDE919A8CE69003CC577 /* XCTest.framework */; };
		ACD0BDEB19A8CE69003CC577 /* Foundation.framework in Frameworks */ = {isa = PBXBuildFile; fileRef = ACD0BDCA19A8CE69003CC577 /* Foundation.framework */; };
		ACD0BDEC19A8CE69003CC577 /* UIKit.framework in Frameworks */ = {isa = PBXBuildFile; fileRef = ACD0BDCE19A8CE69003CC577 /* UIKit.framework */; };
		ACD0BDF419A8CE69003CC577 /* InfoPlist.strings in Resources */ = {isa = PBXBuildFile; fileRef = ACD0BDF219A8CE69003CC577 /* InfoPlist.strings */; };
		ACD0BDF619A8CE69003CC577 /* OrderAndPayTests.m in Sources */ = {isa = PBXBuildFile; fileRef = ACD0BDF519A8CE69003CC577 /* OrderAndPayTests.m */; };
		ACD0BE0219A8CEDA003CC577 /* Product.m in Sources */ = {isa = PBXBuildFile; fileRef = ACD0BE0119A8CEDA003CC577 /* Product.m */; };
		ACD0BE0C19A8E21B003CC577 /* ProductsViewController.m in Sources */ = {isa = PBXBuildFile; fileRef = ACD0BE0B19A8E21B003CC577 /* ProductsViewController.m */; };
		ACD0BE0F19A8E560003CC577 /* ProductCell.m in Sources */ = {isa = PBXBuildFile; fileRef = ACD0BE0E19A8E560003CC577 /* ProductCell.m */; };
		ACD0BE1219A8E874003CC577 /* ProductDetailViewController.m in Sources */ = {isa = PBXBuildFile; fileRef = ACD0BE1119A8E874003CC577 /* ProductDetailViewController.m */; };
		ACD7A02019AC8EB3004EECB5 /* MultipeerHandler.m in Sources */ = {isa = PBXBuildFile; fileRef = ACD7A01F19AC8EB3004EECB5 /* MultipeerHandler.m */; };
		ACD7A02919AC9492004EECB5 /* home78.png in Resources */ = {isa = PBXBuildFile; fileRef = ACD7A02719AC9492004EECB5 /* home78.png */; };
		ACD7A02A19AC9492004EECB5 /* shopping2.png in Resources */ = {isa = PBXBuildFile; fileRef = ACD7A02819AC9492004EECB5 /* shopping2.png */; };
/* End PBXBuildFile section */

/* Begin PBXContainerItemProxy section */
		ACD0BDED19A8CE69003CC577 /* PBXContainerItemProxy */ = {
			isa = PBXContainerItemProxy;
			containerPortal = ACD0BDBF19A8CE69003CC577 /* Project object */;
			proxyType = 1;
			remoteGlobalIDString = ACD0BDC619A8CE69003CC577;
			remoteInfo = OrderAndPay;
		};
/* End PBXContainerItemProxy section */

/* Begin PBXFileReference section */
		AC9B9FFB19B079200078B3CD /* libPayPalMobile.a */ = {isa = PBXFileReference; lastKnownFileType = archive.ar; path = libPayPalMobile.a; sourceTree = "<group>"; };
		AC9B9FFC19B079200078B3CD /* PayPalConfiguration.h */ = {isa = PBXFileReference; fileEncoding = 4; lastKnownFileType = sourcecode.c.h; path = PayPalConfiguration.h; sourceTree = "<group>"; };
		AC9B9FFD19B079200078B3CD /* PayPalFuturePaymentViewController.h */ = {isa = PBXFileReference; fileEncoding = 4; lastKnownFileType = sourcecode.c.h; path = PayPalFuturePaymentViewController.h; sourceTree = "<group>"; };
		AC9B9FFE19B079200078B3CD /* PayPalMobile.h */ = {isa = PBXFileReference; fileEncoding = 4; lastKnownFileType = sourcecode.c.h; path = PayPalMobile.h; sourceTree = "<group>"; };
		AC9B9FFF19B079200078B3CD /* PayPalOAuthScopes.h */ = {isa = PBXFileReference; fileEncoding = 4; lastKnownFileType = sourcecode.c.h; path = PayPalOAuthScopes.h; sourceTree = "<group>"; };
		AC9BA00019B079200078B3CD /* PayPalPayment.h */ = {isa = PBXFileReference; fileEncoding = 4; lastKnownFileType = sourcecode.c.h; path = PayPalPayment.h; sourceTree = "<group>"; };
		AC9BA00119B079200078B3CD /* PayPalPaymentViewController.h */ = {isa = PBXFileReference; fileEncoding = 4; lastKnownFileType = sourcecode.c.h; path = PayPalPaymentViewController.h; sourceTree = "<group>"; };
		AC9BA00219B079200078B3CD /* PayPalProfileSharingViewController.h */ = {isa = PBXFileReference; fileEncoding = 4; lastKnownFileType = sourcecode.c.h; path = PayPalProfileSharingViewController.h; sourceTree = "<group>"; };
		AC9BA00419B07A1C0078B3CD /* CoreLocation.framework */ = {isa = PBXFileReference; lastKnownFileType = wrapper.framework; name = CoreLocation.framework; path = System/Library/Frameworks/CoreLocation.framework; sourceTree = SDKROOT; };
		AC9BA00619B07A220078B3CD /* AVFoundation.framework */ = {isa = PBXFileReference; lastKnownFileType = wrapper.framework; name = AVFoundation.framework; path = System/Library/Frameworks/AVFoundation.framework; sourceTree = SDKROOT; };
		AC9BA00819B07A2E0078B3CD /* MessageUI.framework */ = {isa = PBXFileReference; lastKnownFileType = wrapper.framework; name = MessageUI.framework; path = System/Library/Frameworks/MessageUI.framework; sourceTree = SDKROOT; };
		AC9BA00A19B07A370078B3CD /* SystemConfiguration.framework */ = {isa = PBXFileReference; lastKnownFileType = wrapper.framework; name = SystemConfiguration.framework; path = System/Library/Frameworks/SystemConfiguration.framework; sourceTree = SDKROOT; };
		AC9BA00C19B07FF40078B3CD /* PPViewController.h */ = {isa = PBXFileReference; fileEncoding = 4; lastKnownFileType = sourcecode.c.h; name = PPViewController.h; path = ../PPViewController.h; sourceTree = "<group>"; };
		AC9BA00D19B07FF40078B3CD /* PPViewController.m */ = {isa = PBXFileReference; fileEncoding = 4; lastKnownFileType = sourcecode.c.objc; name = PPViewController.m; path = ../PPViewController.m; sourceTree = "<group>"; };
		AC9BA01019B0846D0078B3CD /* cross5.png */ = {isa = PBXFileReference; lastKnownFileType = image.png; path = cross5.png; sourceTree = "<group>"; };
		AC9BA01219B0851B0078B3CD /* paypal.png */ = {isa = PBXFileReference; lastKnownFileType = image.png; path = paypal.png; sourceTree = "<group>"; };
		AC9E125319B5D4A900F8778D /* Confirmation.h */ = {isa = PBXFileReference; fileEncoding = 4; lastKnownFileType = sourcecode.c.h; path = Confirmation.h; sourceTree = "<group>"; };
		AC9E125419B5D4A900F8778D /* Confirmation.m */ = {isa = PBXFileReference; fileEncoding = 4; lastKnownFileType = sourcecode.c.objc; path = Confirmation.m; sourceTree = "<group>"; };
		ACBC272419ADC9AD00A07990 /* Order.h */ = {isa = PBXFileReference; fileEncoding = 4; lastKnownFileType = sourcecode.c.h; path = Order.h; sourceTree = "<group>"; };
		ACBC272519ADC9AD00A07990 /* Order.m */ = {isa = PBXFileReference; fileEncoding = 4; lastKnownFileType = sourcecode.c.objc; path = Order.m; sourceTree = "<group>"; };
		ACD0BDC719A8CE69003CC577 /* OrderAndPay.app */ = {isa = PBXFileReference; explicitFileType = wrapper.application; includeInIndex = 0; path = OrderAndPay.app; sourceTree = BUILT_PRODUCTS_DIR; };
		ACD0BDCA19A8CE69003CC577 /* Foundation.framework */ = {isa = PBXFileReference; lastKnownFileType = wrapper.framework; name = Foundation.framework; path = System/Library/Frameworks/Foundation.framework; sourceTree = SDKROOT; };
		ACD0BDCC19A8CE69003CC577 /* CoreGraphics.framework */ = {isa = PBXFileReference; lastKnownFileType = wrapper.framework; name = CoreGraphics.framework; path = System/Library/Frameworks/CoreGraphics.framework; sourceTree = SDKROOT; };
		ACD0BDCE19A8CE69003CC577 /* UIKit.framework */ = {isa = PBXFileReference; lastKnownFileType = wrapper.framework; name = UIKit.framework; path = System/Library/Frameworks/UIKit.framework; sourceTree = SDKROOT; };
		ACD0BDD219A8CE69003CC577 /* OrderAndPay-Info.plist */ = {isa = PBXFileReference; lastKnownFileType = text.plist.xml; path = "OrderAndPay-Info.plist"; sourceTree = "<group>"; };
		ACD0BDD419A8CE69003CC577 /* en */ = {isa = PBXFileReference; lastKnownFileType = text.plist.strings; name = en; path = en.lproj/InfoPlist.strings; sourceTree = "<group>"; };
		ACD0BDD619A8CE69003CC577 /* main.m */ = {isa = PBXFileReference; lastKnownFileType = sourcecode.c.objc; path = main.m; sourceTree = "<group>"; };
		ACD0BDD819A8CE69003CC577 /* OrderAndPay-Prefix.pch */ = {isa = PBXFileReference; lastKnownFileType = sourcecode.c.h; path = "OrderAndPay-Prefix.pch"; sourceTree = "<group>"; };
		ACD0BDD919A8CE69003CC577 /* AppDelegate.h */ = {isa = PBXFileReference; lastKnownFileType = sourcecode.c.h; path = AppDelegate.h; sourceTree = "<group>"; };
		ACD0BDDA19A8CE69003CC577 /* AppDelegate.m */ = {isa = PBXFileReference; lastKnownFileType = sourcecode.c.objc; path = AppDelegate.m; sourceTree = "<group>"; };
		ACD0BDDD19A8CE69003CC577 /* Base */ = {isa = PBXFileReference; lastKnownFileType = file.storyboard; name = Base; path = Base.lproj/Main.storyboard; sourceTree = "<group>"; };
		ACD0BDE219A8CE69003CC577 /* Images.xcassets */ = {isa = PBXFileReference; lastKnownFileType = folder.assetcatalog; path = Images.xcassets; sourceTree = "<group>"; };
		ACD0BDE819A8CE69003CC577 /* OrderAndPayTests.xctest */ = {isa = PBXFileReference; explicitFileType = wrapper.cfbundle; includeInIndex = 0; path = OrderAndPayTests.xctest; sourceTree = BUILT_PRODUCTS_DIR; };
		ACD0BDE919A8CE69003CC577 /* XCTest.framework */ = {isa = PBXFileReference; lastKnownFileType = wrapper.framework; name = XCTest.framework; path = Library/Frameworks/XCTest.framework; sourceTree = DEVELOPER_DIR; };
		ACD0BDF119A8CE69003CC577 /* OrderAndPayTests-Info.plist */ = {isa = PBXFileReference; lastKnownFileType = text.plist.xml; path = "OrderAndPayTests-Info.plist"; sourceTree = "<group>"; };
		ACD0BDF319A8CE69003CC577 /* en */ = {isa = PBXFileReference; lastKnownFileType = text.plist.strings; name = en; path = en.lproj/InfoPlist.strings; sourceTree = "<group>"; };
		ACD0BDF519A8CE69003CC577 /* OrderAndPayTests.m */ = {isa = PBXFileReference; lastKnownFileType = sourcecode.c.objc; path = OrderAndPayTests.m; sourceTree = "<group>"; };
		ACD0BE0019A8CEDA003CC577 /* Product.h */ = {isa = PBXFileReference; fileEncoding = 4; lastKnownFileType = sourcecode.c.h; path = Product.h; sourceTree = "<group>"; };
		ACD0BE0119A8CEDA003CC577 /* Product.m */ = {isa = PBXFileReference; fileEncoding = 4; lastKnownFileType = sourcecode.c.objc; path = Product.m; sourceTree = "<group>"; };
		ACD0BE0A19A8E21B003CC577 /* ProductsViewController.h */ = {isa = PBXFileReference; fileEncoding = 4; lastKnownFileType = sourcecode.c.h; path = ProductsViewController.h; sourceTree = "<group>"; };
		ACD0BE0B19A8E21B003CC577 /* ProductsViewController.m */ = {isa = PBXFileReference; fileEncoding = 4; lastKnownFileType = sourcecode.c.objc; path = ProductsViewController.m; sourceTree = "<group>"; };
		ACD0BE0D19A8E560003CC577 /* ProductCell.h */ = {isa = PBXFileReference; fileEncoding = 4; lastKnownFileType = sourcecode.c.h; path = ProductCell.h; sourceTree = "<group>"; };
		ACD0BE0E19A8E560003CC577 /* ProductCell.m */ = {isa = PBXFileReference; fileEncoding = 4; lastKnownFileType = sourcecode.c.objc; path = ProductCell.m; sourceTree = "<group>"; };
		ACD0BE1019A8E874003CC577 /* ProductDetailViewController.h */ = {isa = PBXFileReference; fileEncoding = 4; lastKnownFileType = sourcecode.c.h; name = ProductDetailViewController.h; path = ../ProductDetailViewController.h; sourceTree = "<group>"; };
		ACD0BE1119A8E874003CC577 /* ProductDetailViewController.m */ = {isa = PBXFileReference; fileEncoding = 4; lastKnownFileType = sourcecode.c.objc; name = ProductDetailViewController.m; path = ../ProductDetailViewController.m; sourceTree = "<group>"; };
		ACD7A01E19AC8EB3004EECB5 /* MultipeerHandler.h */ = {isa = PBXFileReference; fileEncoding = 4; lastKnownFileType = sourcecode.c.h; path = MultipeerHandler.h; sourceTree = "<group>"; };
		ACD7A01F19AC8EB3004EECB5 /* MultipeerHandler.m */ = {isa = PBXFileReference; fileEncoding = 4; lastKnownFileType = sourcecode.c.objc; path = MultipeerHandler.m; sourceTree = "<group>"; };
		ACD7A02719AC9492004EECB5 /* home78.png */ = {isa = PBXFileReference; lastKnownFileType = image.png; path = home78.png; sourceTree = "<group>"; };
		ACD7A02819AC9492004EECB5 /* shopping2.png */ = {isa = PBXFileReference; lastKnownFileType = image.png; path = shopping2.png; sourceTree = "<group>"; };
/* End PBXFileReference section */

/* Begin PBXFrameworksBuildPhase section */
		ACD0BDC419A8CE69003CC577 /* Frameworks */ = {
			isa = PBXFrameworksBuildPhase;
			buildActionMask = 2147483647;
			files = (
				AC9BA00B19B07A370078B3CD /* SystemConfiguration.framework in Frameworks */,
				AC9BA00919B07A2E0078B3CD /* MessageUI.framework in Frameworks */,
				AC9BA00719B07A220078B3CD /* AVFoundation.framework in Frameworks */,
				AC9BA00519B07A1C0078B3CD /* CoreLocation.framework in Frameworks */,
				ACD0BDCD19A8CE69003CC577 /* CoreGraphics.framework in Frameworks */,
				ACD0BDCF19A8CE69003CC577 /* UIKit.framework in Frameworks */,
				AC9BA00319B079200078B3CD /* libPayPalMobile.a in Frameworks */,
				ACD0BDCB19A8CE69003CC577 /* Foundation.framework in Frameworks */,
			);
			runOnlyForDeploymentPostprocessing = 0;
		};
		ACD0BDE519A8CE69003CC577 /* Frameworks */ = {
			isa = PBXFrameworksBuildPhase;
			buildActionMask = 2147483647;
			files = (
				ACD0BDEA19A8CE69003CC577 /* XCTest.framework in Frameworks */,
				ACD0BDEC19A8CE69003CC577 /* UIKit.framework in Frameworks */,
				ACD0BDEB19A8CE69003CC577 /* Foundation.framework in Frameworks */,
			);
			runOnlyForDeploymentPostprocessing = 0;
		};
/* End PBXFrameworksBuildPhase section */

/* Begin PBXGroup section */
		AC9B9FFA19B079200078B3CD /* PayPalMobile */ = {
			isa = PBXGroup;
			children = (
				AC9B9FFB19B079200078B3CD /* libPayPalMobile.a */,
				AC9B9FFC19B079200078B3CD /* PayPalConfiguration.h */,
				AC9B9FFD19B079200078B3CD /* PayPalFuturePaymentViewController.h */,
				AC9B9FFE19B079200078B3CD /* PayPalMobile.h */,
				AC9B9FFF19B079200078B3CD /* PayPalOAuthScopes.h */,
				AC9BA00019B079200078B3CD /* PayPalPayment.h */,
				AC9BA00119B079200078B3CD /* PayPalPaymentViewController.h */,
				AC9BA00219B079200078B3CD /* PayPalProfileSharingViewController.h */,
			);
			path = PayPalMobile;
			sourceTree = "<group>";
		};
		AC9BA00F19B0800C0078B3CD /* PayPal Controller */ = {
			isa = PBXGroup;
			children = (
				AC9BA00C19B07FF40078B3CD /* PPViewController.h */,
				AC9BA00D19B07FF40078B3CD /* PPViewController.m */,
			);
			name = "PayPal Controller";
			sourceTree = "<group>";
		};
		ACD0BDBE19A8CE69003CC577 = {
			isa = PBXGroup;
			children = (
				AC9B9FFA19B079200078B3CD /* PayPalMobile */,
				ACD0BDD019A8CE69003CC577 /* OrderAndPay */,
				ACD0BDEF19A8CE69003CC577 /* OrderAndPayTests */,
				ACD0BDC919A8CE69003CC577 /* Frameworks */,
				ACD0BDC819A8CE69003CC577 /* Products */,
			);
			sourceTree = "<group>";
		};
		ACD0BDC819A8CE69003CC577 /* Products */ = {
			isa = PBXGroup;
			children = (
				ACD0BDC719A8CE69003CC577 /* OrderAndPay.app */,
				ACD0BDE819A8CE69003CC577 /* OrderAndPayTests.xctest */,
			);
			name = Products;
			sourceTree = "<group>";
		};
		ACD0BDC919A8CE69003CC577 /* Frameworks */ = {
			isa = PBXGroup;
			children = (
				AC9BA00A19B07A370078B3CD /* SystemConfiguration.framework */,
				AC9BA00819B07A2E0078B3CD /* MessageUI.framework */,
				AC9BA00619B07A220078B3CD /* AVFoundation.framework */,
				AC9BA00419B07A1C0078B3CD /* CoreLocation.framework */,
				ACD0BDCA19A8CE69003CC577 /* Foundation.framework */,
				ACD0BDCC19A8CE69003CC577 /* CoreGraphics.framework */,
				ACD0BDCE19A8CE69003CC577 /* UIKit.framework */,
				ACD0BDE919A8CE69003CC577 /* XCTest.framework */,
			);
			name = Frameworks;
			sourceTree = "<group>";
		};
		ACD0BDD019A8CE69003CC577 /* OrderAndPay */ = {
			isa = PBXGroup;
			children = (
				AC9BA00F19B0800C0078B3CD /* PayPal Controller */,
				ACD7A02619AC9492004EECB5 /* icon */,
				ACD7A01D19AC8E97004EECB5 /* Multipeer Handler */,
				ACD0BDFF19A8CE83003CC577 /* Model */,
				ACD0BDD919A8CE69003CC577 /* AppDelegate.h */,
				ACD0BDDA19A8CE69003CC577 /* AppDelegate.m */,
				ACD0BDDC19A8CE69003CC577 /* Main.storyboard */,
				ACD0BDE219A8CE69003CC577 /* Images.xcassets */,
				ACD0BDD119A8CE69003CC577 /* Supporting Files */,
				ACD0BE0A19A8E21B003CC577 /* ProductsViewController.h */,
				ACD0BE0B19A8E21B003CC577 /* ProductsViewController.m */,
				ACD0BE1019A8E874003CC577 /* ProductDetailViewController.h */,
				ACD0BE1119A8E874003CC577 /* ProductDetailViewController.m */,
				ACD0BE0D19A8E560003CC577 /* ProductCell.h */,
				ACD0BE0E19A8E560003CC577 /* ProductCell.m */,
			);
			path = OrderAndPay;
			sourceTree = "<group>";
		};
		ACD0BDD119A8CE69003CC577 /* Supporting Files */ = {
			isa = PBXGroup;
			children = (
				ACD0BDD219A8CE69003CC577 /* OrderAndPay-Info.plist */,
				ACD0BDD319A8CE69003CC577 /* InfoPlist.strings */,
				ACD0BDD619A8CE69003CC577 /* main.m */,
				ACD0BDD819A8CE69003CC577 /* OrderAndPay-Prefix.pch */,
			);
			name = "Supporting Files";
			sourceTree = "<group>";
		};
		ACD0BDEF19A8CE69003CC577 /* OrderAndPayTests */ = {
			isa = PBXGroup;
			children = (
				ACD0BDF519A8CE69003CC577 /* OrderAndPayTests.m */,
				ACD0BDF019A8CE69003CC577 /* Supporting Files */,
			);
			path = OrderAndPayTests;
			sourceTree = "<group>";
		};
		ACD0BDF019A8CE69003CC577 /* Supporting Files */ = {
			isa = PBXGroup;
			children = (
				ACD0BDF119A8CE69003CC577 /* OrderAndPayTests-Info.plist */,
				ACD0BDF219A8CE69003CC577 /* InfoPlist.strings */,
			);
			name = "Supporting Files";
			sourceTree = "<group>";
		};
		ACD0BDFF19A8CE83003CC577 /* Model */ = {
			isa = PBXGroup;
			children = (
				ACD0BE0019A8CEDA003CC577 /* Product.h */,
				ACD0BE0119A8CEDA003CC577 /* Product.m */,
				ACBC272419ADC9AD00A07990 /* Order.h */,
				ACBC272519ADC9AD00A07990 /* Order.m */,
				AC9E125319B5D4A900F8778D /* Confirmation.h */,
				AC9E125419B5D4A900F8778D /* Confirmation.m */,
			);
			name = Model;
			sourceTree = "<group>";
		};
		ACD7A01D19AC8E97004EECB5 /* Multipeer Handler */ = {
			isa = PBXGroup;
			children = (
				ACD7A01E19AC8EB3004EECB5 /* MultipeerHandler.h */,
				ACD7A01F19AC8EB3004EECB5 /* MultipeerHandler.m */,
			);
			name = "Multipeer Handler";
			sourceTree = "<group>";
		};
		ACD7A02619AC9492004EECB5 /* icon */ = {
			isa = PBXGroup;
			children = (
				AC9BA01219B0851B0078B3CD /* paypal.png */,
				AC9BA01019B0846D0078B3CD /* cross5.png */,
				ACD7A02719AC9492004EECB5 /* home78.png */,
				ACD7A02819AC9492004EECB5 /* shopping2.png */,
			);
			path = icon;
			sourceTree = "<group>";
		};
/* End PBXGroup section */

/* Begin PBXNativeTarget section */
		ACD0BDC619A8CE69003CC577 /* OrderAndPay */ = {
			isa = PBXNativeTarget;
			buildConfigurationList = ACD0BDF919A8CE69003CC577 /* Build configuration list for PBXNativeTarget "OrderAndPay" */;
			buildPhases = (
				ACD0BDC319A8CE69003CC577 /* Sources */,
				ACD0BDC419A8CE69003CC577 /* Frameworks */,
				ACD0BDC519A8CE69003CC577 /* Resources */,
			);
			buildRules = (
			);
			dependencies = (
			);
			name = OrderAndPay;
			productName = OrderAndPay;
			productReference = ACD0BDC719A8CE69003CC577 /* OrderAndPay.app */;
			productType = "com.apple.product-type.application";
		};
		ACD0BDE719A8CE69003CC577 /* OrderAndPayTests */ = {
			isa = PBXNativeTarget;
			buildConfigurationList = ACD0BDFC19A8CE69003CC577 /* Build configuration list for PBXNativeTarget "OrderAndPayTests" */;
			buildPhases = (
				ACD0BDE419A8CE69003CC577 /* Sources */,
				ACD0BDE519A8CE69003CC577 /* Frameworks */,
				ACD0BDE619A8CE69003CC577 /* Resources */,
			);
			buildRules = (
			);
			dependencies = (
				ACD0BDEE19A8CE69003CC577 /* PBXTargetDependency */,
			);
			name = OrderAndPayTests;
			productName = OrderAndPayTests;
			productReference = ACD0BDE819A8CE69003CC577 /* OrderAndPayTests.xctest */;
			productType = "com.apple.product-type.bundle.unit-test";
		};
/* End PBXNativeTarget section */

/* Begin PBXProject section */
		ACD0BDBF19A8CE69003CC577 /* Project object */ = {
			isa = PBXProject;
			attributes = {
				LastUpgradeCheck = 0510;
				ORGANIZATIONNAME = "Marco Denisi";
				TargetAttributes = {
					ACD0BDE719A8CE69003CC577 = {
						TestTargetID = ACD0BDC619A8CE69003CC577;
					};
				};
			};
			buildConfigurationList = ACD0BDC219A8CE69003CC577 /* Build configuration list for PBXProject "OrderAndPay" */;
			compatibilityVersion = "Xcode 3.2";
			developmentRegion = English;
			hasScannedForEncodings = 0;
			knownRegions = (
				en,
				Base,
			);
			mainGroup = ACD0BDBE19A8CE69003CC577;
			productRefGroup = ACD0BDC819A8CE69003CC577 /* Products */;
			projectDirPath = "";
			projectRoot = "";
			targets = (
				ACD0BDC619A8CE69003CC577 /* OrderAndPay */,
				ACD0BDE719A8CE69003CC577 /* OrderAndPayTests */,
			);
		};
/* End PBXProject section */

/* Begin PBXResourcesBuildPhase section */
		ACD0BDC519A8CE69003CC577 /* Resources */ = {
			isa = PBXResourcesBuildPhase;
			buildActionMask = 2147483647;
			files = (
				ACD7A02A19AC9492004EECB5 /* shopping2.png in Resources */,
				ACD0BDE319A8CE69003CC577 /* Images.xcassets in Resources */,
				ACD7A02919AC9492004EECB5 /* home78.png in Resources */,
				ACD0BDD519A8CE69003CC577 /* InfoPlist.strings in Resources */,
				AC9BA01119B0846D0078B3CD /* cross5.png in Resources */,
				ACD0BDDE19A8CE69003CC577 /* Main.storyboard in Resources */,
				AC9BA01319B0851B0078B3CD /* paypal.png in Resources */,
			);
			runOnlyForDeploymentPostprocessing = 0;
		};
		ACD0BDE619A8CE69003CC577 /* Resources */ = {
			isa = PBXResourcesBuildPhase;
			buildActionMask = 2147483647;
			files = (
				ACD0BDF419A8CE69003CC577 /* InfoPlist.strings in Resources */,
			);
			runOnlyForDeploymentPostprocessing = 0;
		};
/* End PBXResourcesBuildPhase section */

/* Begin PBXSourcesBuildPhase section */
		ACD0BDC319A8CE69003CC577 /* Sources */ = {
			isa = PBXSourcesBuildPhase;
			buildActionMask = 2147483647;
			files = (
				ACD0BE0F19A8E560003CC577 /* ProductCell.m in Sources */,
				ACD0BE0219A8CEDA003CC577 /* Product.m in Sources */,
				ACD0BDDB19A8CE69003CC577 /* AppDelegate.m in Sources */,
				ACD0BE1219A8E874003CC577 /* ProductDetailViewController.m in Sources */,
				AC9E125519B5D4A900F8778D /* Confirmation.m in Sources */,
				AC9BA00E19B07FF40078B3CD /* PPViewController.m in Sources */,
				ACD7A02019AC8EB3004EECB5 /* MultipeerHandler.m in Sources */,
				ACD0BE0C19A8E21B003CC577 /* ProductsViewController.m in Sources */,
				ACBC272619ADC9AD00A07990 /* Order.m in Sources */,
				ACD0BDD719A8CE69003CC577 /* main.m in Sources */,
			);
			runOnlyForDeploymentPostprocessing = 0;
		};
		ACD0BDE419A8CE69003CC577 /* Sources */ = {
			isa = PBXSourcesBuildPhase;
			buildActionMask = 2147483647;
			files = (
				ACD0BDF619A8CE69003CC577 /* OrderAndPayTests.m in Sources */,
			);
			runOnlyForDeploymentPostprocessing = 0;
		};
/* End PBXSourcesBuildPhase section */

/* Begin PBXTargetDependency section */
		ACD0BDEE19A8CE69003CC577 /* PBXTargetDependency */ = {
			isa = PBXTargetDependency;
			target = ACD0BDC619A8CE69003CC577 /* OrderAndPay */;
			targetProxy = ACD0BDED19A8CE69003CC577 /* PBXContainerItemProxy */;
		};
/* End PBXTargetDependency section */

/* Begin PBXVariantGroup section */
		ACD0BDD319A8CE69003CC577 /* InfoPlist.strings */ = {
			isa = PBXVariantGroup;
			children = (
				ACD0BDD419A8CE69003CC577 /* en */,
			);
			name = InfoPlist.strings;
			sourceTree = "<group>";
		};
		ACD0BDDC19A8CE69003CC577 /* Main.storyboard */ = {
			isa = PBXVariantGroup;
			children = (
				ACD0BDDD19A8CE69003CC577 /* Base */,
			);
			name = Main.storyboard;
			sourceTree = "<group>";
		};
		ACD0BDF219A8CE69003CC577 /* InfoPlist.strings */ = {
			isa = PBXVariantGroup;
			children = (
				ACD0BDF319A8CE69003CC577 /* en */,
			);
			name = InfoPlist.strings;
			sourceTree = "<group>";
		};
/* End PBXVariantGroup section */

/* Begin XCBuildConfiguration section */
		ACD0BDF719A8CE69003CC577 /* Debug */ = {
			isa = XCBuildConfiguration;
			buildSettings = {
				ALWAYS_SEARCH_USER_PATHS = NO;
				CLANG_CXX_LANGUAGE_STANDARD = "gnu++0x";
				CLANG_CXX_LIBRARY = "libc++";
				CLANG_ENABLE_MODULES = YES;
				CLANG_ENABLE_OBJC_ARC = YES;
				CLANG_WARN_BOOL_CONVERSION = YES;
				CLANG_WARN_CONSTANT_CONVERSION = YES;
				CLANG_WARN_DIRECT_OBJC_ISA_USAGE = YES_ERROR;
				CLANG_WARN_EMPTY_BODY = YES;
				CLANG_WARN_ENUM_CONVERSION = YES;
				CLANG_WARN_INT_CONVERSION = YES;
				CLANG_WARN_OBJC_ROOT_CLASS = YES_ERROR;
				CLANG_WARN__DUPLICATE_METHOD_MATCH = YES;
				"CODE_SIGN_IDENTITY[sdk=iphoneos*]" = "iPhone Developer";
				COPY_PHASE_STRIP = NO;
				GCC_C_LANGUAGE_STANDARD = gnu99;
				GCC_DYNAMIC_NO_PIC = NO;
				GCC_OPTIMIZATION_LEVEL = 0;
				GCC_PREPROCESSOR_DEFINITIONS = (
					"DEBUG=1",
					"$(inherited)",
				);
				GCC_SYMBOLS_PRIVATE_EXTERN = NO;
				GCC_WARN_64_TO_32_BIT_CONVERSION = YES;
				GCC_WARN_ABOUT_RETURN_TYPE = YES_ERROR;
				GCC_WARN_UNDECLARED_SELECTOR = YES;
				GCC_WARN_UNINITIALIZED_AUTOS = YES_AGGRESSIVE;
				GCC_WARN_UNUSED_FUNCTION = YES;
				GCC_WARN_UNUSED_VARIABLE = YES;
				IPHONEOS_DEPLOYMENT_TARGET = 7.1;
				ONLY_ACTIVE_ARCH = YES;
				SDKROOT = iphoneos;
			};
			name = Debug;
		};
		ACD0BDF819A8CE69003CC577 /* Release */ = {
			isa = XCBuildConfiguration;
			buildSettings = {
				ALWAYS_SEARCH_USER_PATHS = NO;
				CLANG_CXX_LANGUAGE_STANDARD = "gnu++0x";
				CLANG_CXX_LIBRARY = "libc++";
				CLANG_ENABLE_MODULES = YES;
				CLANG_ENABLE_OBJC_ARC = YES;
				CLANG_WARN_BOOL_CONVERSION = YES;
				CLANG_WARN_CONSTANT_CONVERSION = YES;
				CLANG_WARN_DIRECT_OBJC_ISA_USAGE = YES_ERROR;
				CLANG_WARN_EMPTY_BODY = YES;
				CLANG_WARN_ENUM_CONVERSION = YES;
				CLANG_WARN_INT_CONVERSION = YES;
				CLANG_WARN_OBJC_ROOT_CLASS = YES_ERROR;
				CLANG_WARN__DUPLICATE_METHOD_MATCH = YES;
				"CODE_SIGN_IDENTITY[sdk=iphoneos*]" = "iPhone Developer";
				COPY_PHASE_STRIP = YES;
				ENABLE_NS_ASSERTIONS = NO;
				GCC_C_LANGUAGE_STANDARD = gnu99;
				GCC_WARN_64_TO_32_BIT_CONVERSION = YES;
				GCC_WARN_ABOUT_RETURN_TYPE = YES_ERROR;
				GCC_WARN_UNDECLARED_SELECTOR = YES;
				GCC_WARN_UNINITIALIZED_AUTOS = YES_AGGRESSIVE;
				GCC_WARN_UNUSED_FUNCTION = YES;
				GCC_WARN_UNUSED_VARIABLE = YES;
				IPHONEOS_DEPLOYMENT_TARGET = 7.1;
				SDKROOT = iphoneos;
				VALIDATE_PRODUCT = YES;
			};
			name = Release;
		};
		ACD0BDFA19A8CE69003CC577 /* Debug */ = {
			isa = XCBuildConfiguration;
			buildSettings = {
				ASSETCATALOG_COMPILER_APPICON_NAME = AppIcon;
				ASSETCATALOG_COMPILER_LAUNCHIMAGE_NAME = LaunchImage;
				GCC_PRECOMPILE_PREFIX_HEADER = YES;
				GCC_PREFIX_HEADER = "OrderAndPay/OrderAndPay-Prefix.pch";
				INFOPLIST_FILE = "OrderAndPay/OrderAndPay-Info.plist";
				LIBRARY_SEARCH_PATHS = (
					"$(inherited)",
					"$(PROJECT_DIR)/PayPalMobile",
				);
				OTHER_LDFLAGS = (
					"-lc++",
					"-ObjC",
				);
				PRODUCT_NAME = "$(TARGET_NAME)";
				WRAPPER_EXTENSION = app;
			};
			name = Debug;
		};
		ACD0BDFB19A8CE69003CC577 /* Release */ = {
			isa = XCBuildConfiguration;
			buildSettings = {
				ASSETCATALOG_COMPILER_APPICON_NAME = AppIcon;
				ASSETCATALOG_COMPILER_LAUNCHIMAGE_NAME = LaunchImage;
				GCC_PRECOMPILE_PREFIX_HEADER = YES;
				GCC_PREFIX_HEADER = "OrderAndPay/OrderAndPay-Prefix.pch";
				INFOPLIST_FILE = "OrderAndPay/OrderAndPay-Info.plist";
				LIBRARY_SEARCH_PATHS = (
					"$(inherited)",
					"$(PROJECT_DIR)/PayPalMobile",
				);
				OTHER_LDFLAGS = (
					"-lc++",
					"-ObjC",
				);
				PRODUCT_NAME = "$(TARGET_NAME)";
				WRAPPER_EXTENSION = app;
			};
			name = Release;
		};
		ACD0BDFD19A8CE69003CC577 /* Debug */ = {
			isa = XCBuildConfiguration;
			buildSettings = {
				BUNDLE_LOADER = "$(BUILT_PRODUCTS_DIR)/OrderAndPay.app/OrderAndPay";
				FRAMEWORK_SEARCH_PATHS = (
					"$(SDKROOT)/Developer/Library/Frameworks",
					"$(inherited)",
					"$(DEVELOPER_FRAMEWORKS_DIR)",
				);
				GCC_PRECOMPILE_PREFIX_HEADER = YES;
				GCC_PREFIX_HEADER = "OrderAndPay/OrderAndPay-Prefix.pch";
				GCC_PREPROCESSOR_DEFINITIONS = (
					"DEBUG=1",
					"$(inherited)",
				);
				INFOPLIST_FILE = "OrderAndPayTests/OrderAndPayTests-Info.plist";
				PRODUCT_NAME = "$(TARGET_NAME)";
				TEST_HOST = "$(BUNDLE_LOADER)";
				WRAPPER_EXTENSION = xctest;
			};
			name = Debug;
		};
		ACD0BDFE19A8CE69003CC577 /* Release */ = {
			isa = XCBuildConfiguration;
			buildSettings = {
				BUNDLE_LOADER = "$(BUILT_PRODUCTS_DIR)/OrderAndPay.app/OrderAndPay";
				FRAMEWORK_SEARCH_PATHS = (
					"$(SDKROOT)/Developer/Library/Frameworks",
					"$(inherited)",
					"$(DEVELOPER_FRAMEWORKS_DIR)",
				);
				GCC_PRECOMPILE_PREFIX_HEADER = YES;
				GCC_PREFIX_HEADER = "OrderAndPay/OrderAndPay-Prefix.pch";
				INFOPLIST_FILE = "OrderAndPayTests/OrderAndPayTests-Info.plist";
				PRODUCT_NAME = "$(TARGET_NAME)";
				TEST_HOST = "$(BUNDLE_LOADER)";
				WRAPPER_EXTENSION = xctest;
			};
			name = Release;
		};
/* End XCBuildConfiguration section */

/* Begin XCConfigurationList section */
		ACD0BDC219A8CE69003CC577 /* Build configuration list for PBXProject "OrderAndPay" */ = {
			isa = XCConfigurationList;
			buildConfigurations = (
				ACD0BDF719A8CE69003CC577 /* Debug */,
				ACD0BDF819A8CE69003CC577 /* Release */,
			);
			defaultConfigurationIsVisible = 0;
			defaultConfigurationName = Release;
		};
		ACD0BDF919A8CE69003CC577 /* Build configuration list for PBXNativeTarget "OrderAndPay" */ = {
			isa = XCConfigurationList;
			buildConfigurations = (
				ACD0BDFA19A8CE69003CC577 /* Debug */,
				ACD0BDFB19A8CE69003CC577 /* Release */,
			);
			defaultConfigurationIsVisible = 0;
			defaultConfigurationName = Release;
		};
		ACD0BDFC19A8CE69003CC577 /* Build configuration list for PBXNativeTarget "OrderAndPayTests" */ = {
			isa = XCConfigurationList;
			buildConfigurations = (
				ACD0BDFD19A8CE69003CC577 /* Debug */,
				ACD0BDFE19A8CE69003CC577 /* Release */,
			);
			defaultConfigurationIsVisible = 0;
			defaultConfigurationName = Release;
		};
/* End XCConfigurationList section */
	};
	rootObject = ACD0BDBF19A8CE69003CC577 /* Project object */;
}
